
Microsoft Visual Studio Solution File, Format Version 12.00
# Visual Studio Version 16
VisualStudioVersion = 16.0.30907.101
MinimumVisualStudioVersion = 10.0.40219.1
Project("{9A19103F-16F7-4668-BE54-9A1E7A4F7556}") = "API", "API.csproj", "{485477E5-33B8-43D4-B8B4-30740F4062CC}"
EndProject
Project("{9A19103F-16F7-4668-BE54-9A1E7A4F7556}") = "Infastructure", "..\Infastructure\Infastructure.csproj", "{79449504-6E74-4CB7-8F4F-202889DCF478}"
EndProject
Project("{FAE04EC0-301F-11D3-BF4B-00C04F79EFBC}") = "Core", "..\Core\Core.csproj", "{9A1D7036-8C5D-46A0-80FF-D1F799810481}"
EndProject
Global
	GlobalSection(SolutionConfigurationPlatforms) = preSolution
		Debug|Any CPU = Debug|Any CPU
		Release|Any CPU = Release|Any CPU
	EndGlobalSection
	GlobalSection(ProjectConfigurationPlatforms) = postSolution
		{485477E5-33B8-43D4-B8B4-30740F4062CC}.Debug|Any CPU.ActiveCfg = Debug|Any CPU
		{485477E5-33B8-43D4-B8B4-30740F4062CC}.Debug|Any CPU.Build.0 = Debug|Any CPU
		{485477E5-33B8-43D4-B8B4-30740F4062CC}.Release|Any CPU.ActiveCfg = Release|Any CPU
		{485477E5-33B8-43D4-B8B4-30740F4062CC}.Release|Any CPU.Build.0 = Release|Any CPU
		{79449504-6E74-4CB7-8F4F-202889DCF478}.Debug|Any CPU.ActiveCfg = Debug|Any CPU
		{79449504-6E74-4CB7-8F4F-202889DCF478}.Debug|Any CPU.Build.0 = Debug|Any CPU
		{79449504-6E74-4CB7-8F4F-202889DCF478}.Release|Any CPU.ActiveCfg = Release|Any CPU
		{79449504-6E74-4CB7-8F4F-202889DCF478}.Release|Any CPU.Build.0 = Release|Any CPU
		{9A1D7036-8C5D-46A0-80FF-D1F799810481}.Debug|Any CPU.ActiveCfg = Debug|Any CPU
		{9A1D7036-8C5D-46A0-80FF-D1F799810481}.Debug|Any CPU.Build.0 = Debug|Any CPU
		{9A1D7036-8C5D-46A0-80FF-D1F799810481}.Release|Any CPU.ActiveCfg = Release|Any CPU
		{9A1D7036-8C5D-46A0-80FF-D1F799810481}.Release|Any CPU.Build.0 = Release|Any CPU
	EndGlobalSection
	GlobalSection(SolutionProperties) = preSolution
		HideSolutionNode = FALSE
	EndGlobalSection
	GlobalSection(ExtensibilityGlobals) = postSolution
		SolutionGuid = {957C3C41-DE7B-4560-B283-B46A2227ACE9}
	EndGlobalSection
EndGlobal
